
Microsoft Visual Studio Solution File, Format Version 12.00
# Visual Studio Version 17
VisualStudioVersion = 17.11.35312.102
MinimumVisualStudioVersion = 10.0.40219.1
Project("{FAE04EC0-301F-11D3-BF4B-00C04F79EFBC}") = "ChuongTrinhQuanLyKhachSan", "ChuongTrinhQuanLyKhachSan\ChuongTrinhQuanLyKhachSan.csproj", "{DFF39605-2CDB-4040-9FAE-1B5507793F9C}"
EndProject
Global
	GlobalSection(SolutionConfigurationPlatforms) = preSolution
		Debug|Any CPU = Debug|Any CPU
		Release|Any CPU = Release|Any CPU
	EndGlobalSection
	GlobalSection(ProjectConfigurationPlatforms) = postSolution
		{DFF39605-2CDB-4040-9FAE-1B5507793F9C}.Debug|Any CPU.ActiveCfg = Debug|Any CPU
		{DFF39605-2CDB-4040-9FAE-1B5507793F9C}.Debug|Any CPU.Build.0 = Debug|Any CPU
		{DFF39605-2CDB-4040-9FAE-1B5507793F9C}.Release|Any CPU.ActiveCfg = Release|Any CPU
		{DFF39605-2CDB-4040-9FAE-1B5507793F9C}.Release|Any CPU.Build.0 = Release|Any CPU
	EndGlobalSection
	GlobalSection(SolutionProperties) = preSolution
		HideSolutionNode = FALSE
	EndGlobalSection
	GlobalSection(ExtensibilityGlobals) = postSolution
		SolutionGuid = {3D057579-6D59-4E1C-809D-7058717E13B8}
	EndGlobalSection
EndGlobal
